
Microsoft Visual Studio Solution File, Format Version 12.00
# Visual Studio Version 17
VisualStudioVersion = 17.5.33414.496
MinimumVisualStudioVersion = 10.0.40219.1
Project("{FAE04EC0-301F-11D3-BF4B-00C04F79EFBC}") = "WebApp", "WebApp\WebApp.csproj", "{709ADCF2-C8F8-46AC-B9A9-D47258804E38}"
EndProject
Project("{2150E333-8FDC-42A3-9474-1A3956D46DE8}") = "WebApp.DAL", "WebApp.DAL", "{02EA681E-C7D8-13C7-8484-4AC65E1B71E8}"
EndProject
Project("{FAE04EC0-301F-11D3-BF4B-00C04F79EFBC}") = "WebApp.DAL.Contracts", "WebApp.DAL\WebApp.DAL.Contracts\WebApp.DAL.Contracts.csproj", "{EDD7D469-E838-4FD1-BD05-B431BDD25FE5}"
EndProject
Project("{FAE04EC0-301F-11D3-BF4B-00C04F79EFBC}") = "WebApp.DAL.Entities", "WebApp.DAL\WebApp.DAL.Entities\WebApp.DAL.Entities.csproj", "{021731F5-A059-48A9-9446-637541BEC212}"
EndProject
Project("{FAE04EC0-301F-11D3-BF4B-00C04F79EFBC}") = "WebApp.DAL.NpgsqlRepositories", "WebApp.DAL\WebApp.DAL.NpgsqlRepositories\WebApp.DAL.NpgsqlRepositories.csproj", "{093A2D1C-AE9F-4417-9D7C-20CB933B8998}"
EndProject
Project("{2150E333-8FDC-42A3-9474-1A3956D46DE8}") = "WebApp.BLL", "WebApp.BLL", "{97AE9F20-331A-4AD9-8F62-9A42721DBCE2}"
EndProject
Project("{FAE04EC0-301F-11D3-BF4B-00C04F79EFBC}") = "WebApp.BLL.Contracts", "WebApp.BLL\WebApp.BLL.Contracts\WebApp.BLL.Contracts.csproj", "{0CE3FE4F-1010-4A10-B0CC-F257E4D304AA}"
EndProject
Project("{FAE04EC0-301F-11D3-BF4B-00C04F79EFBC}") = "WebApp.BLL.Models", "WebApp.BLL\WebApp.BLL.Models\WebApp.BLL.Models.csproj", "{A30187E1-FB3D-4BD7-BBA1-9DB46BB0A79E}"
EndProject
Project("{FAE04EC0-301F-11D3-BF4B-00C04F79EFBC}") = "WebApp.BLL.Services", "WebApp.BLL\WebApp.BLL.Services\WebApp.BLL.Services.csproj", "{96E80A00-8C25-40E4-98E1-47211A51AC71}"
EndProject
Project("{FAE04EC0-301F-11D3-BF4B-00C04F79EFBC}") = "WebApp.Core", "WebApp.Core\WebApp.Core.csproj", "{1AB40ED4-229A-44CF-85F1-E0BC24001967}"
EndProject
Global
	GlobalSection(SolutionConfigurationPlatforms) = preSolution
		Debug|Any CPU = Debug|Any CPU
		Release|Any CPU = Release|Any CPU
	EndGlobalSection
	GlobalSection(ProjectConfigurationPlatforms) = postSolution
		{709ADCF2-C8F8-46AC-B9A9-D47258804E38}.Debug|Any CPU.ActiveCfg = Debug|Any CPU
		{709ADCF2-C8F8-46AC-B9A9-D47258804E38}.Debug|Any CPU.Build.0 = Debug|Any CPU
		{709ADCF2-C8F8-46AC-B9A9-D47258804E38}.Release|Any CPU.ActiveCfg = Release|Any CPU
		{709ADCF2-C8F8-46AC-B9A9-D47258804E38}.Release|Any CPU.Build.0 = Release|Any CPU
		{EDD7D469-E838-4FD1-BD05-B431BDD25FE5}.Debug|Any CPU.ActiveCfg = Debug|Any CPU
		{EDD7D469-E838-4FD1-BD05-B431BDD25FE5}.Debug|Any CPU.Build.0 = Debug|Any CPU
		{EDD7D469-E838-4FD1-BD05-B431BDD25FE5}.Release|Any CPU.ActiveCfg = Release|Any CPU
		{EDD7D469-E838-4FD1-BD05-B431BDD25FE5}.Release|Any CPU.Build.0 = Release|Any CPU
		{021731F5-A059-48A9-9446-637541BEC212}.Debug|Any CPU.ActiveCfg = Debug|Any CPU
		{021731F5-A059-48A9-9446-637541BEC212}.Debug|Any CPU.Build.0 = Debug|Any CPU
		{021731F5-A059-48A9-9446-637541BEC212}.Release|Any CPU.ActiveCfg = Release|Any CPU
		{021731F5-A059-48A9-9446-637541BEC212}.Release|Any CPU.Build.0 = Release|Any CPU
		{093A2D1C-AE9F-4417-9D7C-20CB933B8998}.Debug|Any CPU.ActiveCfg = Debug|Any CPU
		{093A2D1C-AE9F-4417-9D7C-20CB933B8998}.Debug|Any CPU.Build.0 = Debug|Any CPU
		{093A2D1C-AE9F-4417-9D7C-20CB933B8998}.Release|Any CPU.ActiveCfg = Release|Any CPU
		{093A2D1C-AE9F-4417-9D7C-20CB933B8998}.Release|Any CPU.Build.0 = Release|Any CPU
		{0CE3FE4F-1010-4A10-B0CC-F257E4D304AA}.Debug|Any CPU.ActiveCfg = Debug|Any CPU
		{0CE3FE4F-1010-4A10-B0CC-F257E4D304AA}.Debug|Any CPU.Build.0 = Debug|Any CPU
		{0CE3FE4F-1010-4A10-B0CC-F257E4D304AA}.Release|Any CPU.ActiveCfg = Release|Any CPU
		{0CE3FE4F-1010-4A10-B0CC-F257E4D304AA}.Release|Any CPU.Build.0 = Release|Any CPU
		{A30187E1-FB3D-4BD7-BBA1-9DB46BB0A79E}.Debug|Any CPU.ActiveCfg = Debug|Any CPU
		{A30187E1-FB3D-4BD7-BBA1-9DB46BB0A79E}.Debug|Any CPU.Build.0 = Debug|Any CPU
		{A30187E1-FB3D-4BD7-BBA1-9DB46BB0A79E}.Release|Any CPU.ActiveCfg = Release|Any CPU
		{A30187E1-FB3D-4BD7-BBA1-9DB46BB0A79E}.Release|Any CPU.Build.0 = Release|Any CPU
		{96E80A00-8C25-40E4-98E1-47211A51AC71}.Debug|Any CPU.ActiveCfg = Debug|Any CPU
		{96E80A00-8C25-40E4-98E1-47211A51AC71}.Debug|Any CPU.Build.0 = Debug|Any CPU
		{96E80A00-8C25-40E4-98E1-47211A51AC71}.Release|Any CPU.ActiveCfg = Release|Any CPU
		{96E80A00-8C25-40E4-98E1-47211A51AC71}.Release|Any CPU.Build.0 = Release|Any CPU
		{1AB40ED4-229A-44CF-85F1-E0BC24001967}.Debug|Any CPU.ActiveCfg = Debug|Any CPU
		{1AB40ED4-229A-44CF-85F1-E0BC24001967}.Debug|Any CPU.Build.0 = Debug|Any CPU
		{1AB40ED4-229A-44CF-85F1-E0BC24001967}.Release|Any CPU.ActiveCfg = Release|Any CPU
		{1AB40ED4-229A-44CF-85F1-E0BC24001967}.Release|Any CPU.Build.0 = Release|Any CPU
	EndGlobalSection
	GlobalSection(SolutionProperties) = preSolution
		HideSolutionNode = FALSE
	EndGlobalSection
	GlobalSection(NestedProjects) = preSolution
		{EDD7D469-E838-4FD1-BD05-B431BDD25FE5} = {02EA681E-C7D8-13C7-8484-4AC65E1B71E8}
		{021731F5-A059-48A9-9446-637541BEC212} = {02EA681E-C7D8-13C7-8484-4AC65E1B71E8}
		{093A2D1C-AE9F-4417-9D7C-20CB933B8998} = {02EA681E-C7D8-13C7-8484-4AC65E1B71E8}
		{0CE3FE4F-1010-4A10-B0CC-F257E4D304AA} = {97AE9F20-331A-4AD9-8F62-9A42721DBCE2}
		{A30187E1-FB3D-4BD7-BBA1-9DB46BB0A79E} = {97AE9F20-331A-4AD9-8F62-9A42721DBCE2}
		{96E80A00-8C25-40E4-98E1-47211A51AC71} = {97AE9F20-331A-4AD9-8F62-9A42721DBCE2}
	EndGlobalSection
	GlobalSection(ExtensibilityGlobals) = postSolution
		SolutionGuid = {8A461067-79D5-4F5A-A035-299035B84D35}
	EndGlobalSection
EndGlobal
